
Microsoft Visual Studio Solution File, Format Version 12.00
# Visual Studio Version 17
VisualStudioVersion = 17.0.31903.59
MinimumVisualStudioVersion = 10.0.40219.1
Project("{FAE04EC0-301F-11D3-BF4B-00C04F79EFBC}") = "AdService", "AdService\AdService.csproj", "{9AB2BE86-4C4A-4C18-86A3-B1654A4BDFD2}"
EndProject
Project("{FAE04EC0-301F-11D3-BF4B-00C04F79EFBC}") = "AdService.Tests", "AdService.Tests\AdService.Tests.csproj", "{DE9FA768-9BF2-4BBD-8E3E-5CC601FE8788}"
EndProject
Global
	GlobalSection(SolutionConfigurationPlatforms) = preSolution
		Debug|Any CPU = Debug|Any CPU
		Debug|x64 = Debug|x64
		Debug|x86 = Debug|x86
		Release|Any CPU = Release|Any CPU
		Release|x64 = Release|x64
		Release|x86 = Release|x86
	EndGlobalSection
	GlobalSection(ProjectConfigurationPlatforms) = postSolution
		{9AB2BE86-4C4A-4C18-86A3-B1654A4BDFD2}.Debug|Any CPU.ActiveCfg = Debug|Any CPU
		{9AB2BE86-4C4A-4C18-86A3-B1654A4BDFD2}.Debug|Any CPU.Build.0 = Debug|Any CPU
		{9AB2BE86-4C4A-4C18-86A3-B1654A4BDFD2}.Debug|x64.ActiveCfg = Debug|Any CPU
		{9AB2BE86-4C4A-4C18-86A3-B1654A4BDFD2}.Debug|x64.Build.0 = Debug|Any CPU
		{9AB2BE86-4C4A-4C18-86A3-B1654A4BDFD2}.Debug|x86.ActiveCfg = Debug|Any CPU
		{9AB2BE86-4C4A-4C18-86A3-B1654A4BDFD2}.Debug|x86.Build.0 = Debug|Any CPU
		{9AB2BE86-4C4A-4C18-86A3-B1654A4BDFD2}.Release|Any CPU.ActiveCfg = Release|Any CPU
		{9AB2BE86-4C4A-4C18-86A3-B1654A4BDFD2}.Release|Any CPU.Build.0 = Release|Any CPU
		{9AB2BE86-4C4A-4C18-86A3-B1654A4BDFD2}.Release|x64.ActiveCfg = Release|Any CPU
		{9AB2BE86-4C4A-4C18-86A3-B1654A4BDFD2}.Release|x64.Build.0 = Release|Any CPU
		{9AB2BE86-4C4A-4C18-86A3-B1654A4BDFD2}.Release|x86.ActiveCfg = Release|Any CPU
		{9AB2BE86-4C4A-4C18-86A3-B1654A4BDFD2}.Release|x86.Build.0 = Release|Any CPU
		{DE9FA768-9BF2-4BBD-8E3E-5CC601FE8788}.Debug|Any CPU.ActiveCfg = Debug|Any CPU
		{DE9FA768-9BF2-4BBD-8E3E-5CC601FE8788}.Debug|Any CPU.Build.0 = Debug|Any CPU
		{DE9FA768-9BF2-4BBD-8E3E-5CC601FE8788}.Debug|x64.ActiveCfg = Debug|Any CPU
		{DE9FA768-9BF2-4BBD-8E3E-5CC601FE8788}.Debug|x64.Build.0 = Debug|Any CPU
		{DE9FA768-9BF2-4BBD-8E3E-5CC601FE8788}.Debug|x86.ActiveCfg = Debug|Any CPU
		{DE9FA768-9BF2-4BBD-8E3E-5CC601FE8788}.Debug|x86.Build.0 = Debug|Any CPU
		{DE9FA768-9BF2-4BBD-8E3E-5CC601FE8788}.Release|Any CPU.ActiveCfg = Release|Any CPU
		{DE9FA768-9BF2-4BBD-8E3E-5CC601FE8788}.Release|Any CPU.Build.0 = Release|Any CPU
		{DE9FA768-9BF2-4BBD-8E3E-5CC601FE8788}.Release|x64.ActiveCfg = Release|Any CPU
		{DE9FA768-9BF2-4BBD-8E3E-5CC601FE8788}.Release|x64.Build.0 = Release|Any CPU
		{DE9FA768-9BF2-4BBD-8E3E-5CC601FE8788}.Release|x86.ActiveCfg = Release|Any CPU
		{DE9FA768-9BF2-4BBD-8E3E-5CC601FE8788}.Release|x86.Build.0 = Release|Any CPU
	EndGlobalSection
	GlobalSection(SolutionProperties) = preSolution
		HideSolutionNode = FALSE
	EndGlobalSection
EndGlobal
